
Microsoft Visual Studio Solution File, Format Version 12.00
# Visual Studio Version 16
VisualStudioVersion = 16.0.810.25
MinimumVisualStudioVersion = 10.0.40219.1
Project("{FAE04EC0-301F-11D3-BF4B-00C04F79EFBC}") = "TestTask1", "TestTask1.csproj", "{C6001D7D-F3D2-4690-B782-A98010ACDBEC}"
EndProject
Global
	GlobalSection(SolutionConfigurationPlatforms) = preSolution
		Debug|Any CPU = Debug|Any CPU
		Release|Any CPU = Release|Any CPU
	EndGlobalSection
	GlobalSection(ProjectConfigurationPlatforms) = postSolution
		{C6001D7D-F3D2-4690-B782-A98010ACDBEC}.Debug|Any CPU.ActiveCfg = Debug|Any CPU
		{C6001D7D-F3D2-4690-B782-A98010ACDBEC}.Debug|Any CPU.Build.0 = Debug|Any CPU
		{C6001D7D-F3D2-4690-B782-A98010ACDBEC}.Release|Any CPU.ActiveCfg = Release|Any CPU
		{C6001D7D-F3D2-4690-B782-A98010ACDBEC}.Release|Any CPU.Build.0 = Release|Any CPU
	EndGlobalSection
	GlobalSection(SolutionProperties) = preSolution
		HideSolutionNode = FALSE
	EndGlobalSection
	GlobalSection(ExtensibilityGlobals) = postSolution
		SolutionGuid = {F69021E7-0E30-4C30-A490-3912BCFD19E3}
	EndGlobalSection
EndGlobal
